
Microsoft Visual Studio Solution File, Format Version 12.00
# Visual Studio Version 17
VisualStudioVersion = 17.9.34728.123
MinimumVisualStudioVersion = 10.0.40219.1
Project("{FAE04EC0-301F-11D3-BF4B-00C04F79EFBC}") = "projetoAula_01", "projetoAula_01\projetoAula_01.csproj", "{6666E793-9CB5-4F9D-AF64-440B46197043}"
EndProject
Project("{FAE04EC0-301F-11D3-BF4B-00C04F79EFBC}") = "projetoAula_B", "projetoAula_B\projetoAula_B.csproj", "{BABB0410-E570-4631-8507-0B9000040041}"
EndProject
Global
	GlobalSection(SolutionConfigurationPlatforms) = preSolution
		Debug|Any CPU = Debug|Any CPU
		Release|Any CPU = Release|Any CPU
	EndGlobalSection
	GlobalSection(ProjectConfigurationPlatforms) = postSolution
		{6666E793-9CB5-4F9D-AF64-440B46197043}.Debug|Any CPU.ActiveCfg = Debug|Any CPU
		{6666E793-9CB5-4F9D-AF64-440B46197043}.Debug|Any CPU.Build.0 = Debug|Any CPU
		{6666E793-9CB5-4F9D-AF64-440B46197043}.Release|Any CPU.ActiveCfg = Release|Any CPU
		{6666E793-9CB5-4F9D-AF64-440B46197043}.Release|Any CPU.Build.0 = Release|Any CPU
		{BABB0410-E570-4631-8507-0B9000040041}.Debug|Any CPU.ActiveCfg = Debug|Any CPU
		{BABB0410-E570-4631-8507-0B9000040041}.Debug|Any CPU.Build.0 = Debug|Any CPU
		{BABB0410-E570-4631-8507-0B9000040041}.Release|Any CPU.ActiveCfg = Release|Any CPU
		{BABB0410-E570-4631-8507-0B9000040041}.Release|Any CPU.Build.0 = Release|Any CPU
	EndGlobalSection
	GlobalSection(SolutionProperties) = preSolution
		HideSolutionNode = FALSE
	EndGlobalSection
	GlobalSection(ExtensibilityGlobals) = postSolution
		SolutionGuid = {1A91083F-02AE-4EF2-BC48-F7DCD4109512}
	EndGlobalSection
EndGlobal
